
Microsoft Visual Studio Solution File, Format Version 12.00
# Visual Studio 15
VisualStudioVersion = 15.0.27004.2005
MinimumVisualStudioVersion = 10.0.40219.1
Project("{2150E333-8FDC-42A3-9474-1A3956D46DE8}") = "1. Simple Responsability - Open Close", "1. Simple Responsability - Open Close", "{1A7ABD00-BDB2-44A7-BEAF-DAFDE29E9A9B}"
EndProject
Project("{FAE04EC0-301F-11D3-BF4B-00C04F79EFBC}") = "1. Dont", "1. Simple Responsabilidad\Previo\1. Dont.csproj", "{F850FD91-C460-4B0B-B662-4113C5A6C6A7}"
EndProject
Project("{FAE04EC0-301F-11D3-BF4B-00C04F79EFBC}") = "2. RefactoringForClarity", "1. Simple Responsabilidad\Malo\2. RefactoringForClarity.csproj", "{9FD5DA5B-373B-4415-ACD3-240055C3B5DB}"
EndProject
Project("{2150E333-8FDC-42A3-9474-1A3956D46DE8}") = "3. RefactoringForAbstraction", "3. RefactoringForAbstraction", "{A8A032A6-4668-47BD-A525-9AF579604EA8}"
EndProject
Project("{FAE04EC0-301F-11D3-BF4B-00C04F79EFBC}") = "SingleResponsibilityPrinciple", "1. Simple Responsabilidad\Bueno\SingleResponsibilityPrinciple\SingleResponsibilityPrinciple.csproj", "{364B6544-495F-4D94-A9CF-CEB065850DFB}"
EndProject
Project("{FAE04EC0-301F-11D3-BF4B-00C04F79EFBC}") = "SingleResponsibilityPrinciple.AdoNet", "1. Simple Responsabilidad\Bueno\SingleResponsibilityPrinciple.AdoNet\SingleResponsibilityPrinciple.AdoNet.csproj", "{BA086CB7-306C-4E77-A2C4-5E82B8E71808}"
EndProject
Project("{FAE04EC0-301F-11D3-BF4B-00C04F79EFBC}") = "SingleResponsibilityPrinciple.Contracts", "1. Simple Responsabilidad\Bueno\SingleResponsibilityPrinciple.Contracts\SingleResponsibilityPrinciple.Contracts.csproj", "{2D7152C4-C813-45CD-AF5A-26772DEFB082}"
EndProject
Project("{2150E333-8FDC-42A3-9474-1A3956D46DE8}") = "3. Liskov Substitution", "3. Liskov Substitution", "{CCEE5138-BF63-45BA-BAD9-0D0F51BB1ABF}"
EndProject
Project("{2150E333-8FDC-42A3-9474-1A3956D46DE8}") = "Variance Rules", "Variance Rules", "{757831CB-A201-4014-9AFA-BE32F42ED316}"
EndProject
Project("{2150E333-8FDC-42A3-9474-1A3956D46DE8}") = "0. OOP", "0. OOP", "{67AF028B-96B3-4243-A8F6-D2AAAE004F56}"
EndProject
Project("{2150E333-8FDC-42A3-9474-1A3956D46DE8}") = "Contract Rules - Conditions", "Contract Rules - Conditions", "{6D72405A-AF7F-48BE-82C8-1B7C1BAE47E3}"
EndProject
Project("{FAE04EC0-301F-11D3-BF4B-00C04F79EFBC}") = "OOP.Solved", "0. OOP\OOP\OOP.Solved.csproj", "{CADC7DBB-3D37-428C-A3EB-6C172BBC4D51}"
EndProject
Project("{FAE04EC0-301F-11D3-BF4B-00C04F79EFBC}") = "POO.Empty", "0. OOP\POOEmpty\POO.Empty.csproj", "{031B4950-BC03-458E-A522-B85B0AD88815}"
EndProject
Project("{FAE04EC0-301F-11D3-BF4B-00C04F79EFBC}") = "1. Dont", "3. Liskov Substitution\Contract Rules - Conditions\Dont\1. Dont.csproj", "{B2FEE9C3-CD8A-408A-9EA7-B8B2B6291E55}"
EndProject
Project("{FAE04EC0-301F-11D3-BF4B-00C04F79EFBC}") = "2. Solved Manually", "3. Liskov Substitution\Contract Rules - Conditions\Solved\2. Solved Manually.csproj", "{9CE58F3E-C9C7-4E56-A09A-FE7B5933459B}"
EndProject
Project("{FAE04EC0-301F-11D3-BF4B-00C04F79EFBC}") = "3. Solved by Contract", "3. Liskov Substitution\Contract Rules - Conditions\Solved by Contract\3. Solved by Contract.csproj", "{C51F91A0-1B8B-47ED-ADFE-981A716EF0D6}"
EndProject
Project("{FAE04EC0-301F-11D3-BF4B-00C04F79EFBC}") = "1. Dont", "3. Liskov Substitution\Variance Rules\1. Dont\1. Dont.csproj", "{2B2D527F-22B5-4C43-95C9-A2404189079D}"
EndProject
Project("{FAE04EC0-301F-11D3-BF4B-00C04F79EFBC}") = "2. Solved", "3. Liskov Substitution\Variance Rules\2. Solved Manually\2. Solved.csproj", "{37A32756-E905-4D4C-BBDA-627445586B68}"
EndProject
Project("{2150E333-8FDC-42A3-9474-1A3956D46DE8}") = "4. Interface Segregation", "4. Interface Segregation", "{2344B509-3FDA-4EDB-B2B2-3E91856CBC5D}"
EndProject
Project("{2150E333-8FDC-42A3-9474-1A3956D46DE8}") = "1. Avoid", "1. Avoid", "{97B65839-E7D4-4827-9593-5823B246C5C1}"
EndProject
Project("{2150E333-8FDC-42A3-9474-1A3956D46DE8}") = "2. Do", "2. Do", "{8FD00C15-9842-4177-81BD-D74985FBE7BF}"
EndProject
Project("{9A19103F-16F7-4668-BE54-9A1E7A4F7556}") = "Interfaces", "4. Interface Segregation\1. Avoid\Interfaces\Interfaces.csproj", "{06EFAA18-0C18-4A0E-A512-1BCD99BC8C7F}"
EndProject
Project("{9A19103F-16F7-4668-BE54-9A1E7A4F7556}") = "Interfaces", "4. Interface Segregation\2. Do\Interfaces\Interfaces.csproj", "{DD16559E-F2C0-4CFA-AB5D-9BFB8A2269C0}"
EndProject
Project("{FAE04EC0-301F-11D3-BF4B-00C04F79EFBC}") = "WebAPI", "4. Interface Segregation\1. Avoid\WebAPI\WebAPI.csproj", "{B5AF34F9-80D5-4544-9E27-B74548FA098E}"
EndProject
Project("{FAE04EC0-301F-11D3-BF4B-00C04F79EFBC}") = "InternalWebAPI", "4. Interface Segregation\2. Do\InternalWebAPI\InternalWebAPI.csproj", "{C8ACC2AC-2F76-48D2-B866-406905AD0C5E}"
EndProject
Project("{FAE04EC0-301F-11D3-BF4B-00C04F79EFBC}") = "ExternalWebAPI", "4. Interface Segregation\2. Do\ExternalWebAPI\ExternalWebAPI.csproj", "{73035AE2-6C00-417F-ACCE-901775599525}"
EndProject
Project("{2150E333-8FDC-42A3-9474-1A3956D46DE8}") = "5. Dependency injection", "5. Dependency injection", "{95361A1B-AC75-4E4D-ACB4-B06FC43C4F64}"
EndProject
Project("{2150E333-8FDC-42A3-9474-1A3956D46DE8}") = "1. Avoid", "1. Avoid", "{5AE43744-D553-445E-B8F1-1511EA01164A}"
EndProject
Project("{2150E333-8FDC-42A3-9474-1A3956D46DE8}") = "2. Do", "2. Do", "{607DCDAD-DD51-4DFC-A889-7799EC97A103}"
EndProject
Project("{FAE04EC0-301F-11D3-BF4B-00C04F79EFBC}") = "DIAvoid", "5. Dependency injection\1. Avoid\DIAvoid\DIAvoid.csproj", "{F70297B1-2E66-4AC8-8C62-330F0C80276F}"
EndProject
Project("{FAE04EC0-301F-11D3-BF4B-00C04F79EFBC}") = "DIDo", "5. Dependency injection\2. Do\DIDo\DIDo.csproj", "{78F1DEB6-4CDF-43A8-9ED6-D3626C806841}"
EndProject
Project("{2150E333-8FDC-42A3-9474-1A3956D46DE8}") = "0 Standard", "0 Standard", "{40545051-F68E-438C-9A8B-403ABE6C6EA2}"
EndProject
Project("{FAE04EC0-301F-11D3-BF4B-00C04F79EFBC}") = "Liskov Standard", "3. Liskov Substitution\0 Standard\Liskov Standard\Liskov Standard.csproj", "{BAFAA7DD-3DA4-4446-B187-0A03FB650F0D}"
EndProject
Global
	GlobalSection(SolutionConfigurationPlatforms) = preSolution
		Debug|Any CPU = Debug|Any CPU
		Release|Any CPU = Release|Any CPU
	EndGlobalSection
	GlobalSection(ProjectConfigurationPlatforms) = postSolution
		{F850FD91-C460-4B0B-B662-4113C5A6C6A7}.Debug|Any CPU.ActiveCfg = Debug|Any CPU
		{F850FD91-C460-4B0B-B662-4113C5A6C6A7}.Debug|Any CPU.Build.0 = Debug|Any CPU
		{F850FD91-C460-4B0B-B662-4113C5A6C6A7}.Release|Any CPU.ActiveCfg = Release|Any CPU
		{F850FD91-C460-4B0B-B662-4113C5A6C6A7}.Release|Any CPU.Build.0 = Release|Any CPU
		{9FD5DA5B-373B-4415-ACD3-240055C3B5DB}.Debug|Any CPU.ActiveCfg = Debug|Any CPU
		{9FD5DA5B-373B-4415-ACD3-240055C3B5DB}.Debug|Any CPU.Build.0 = Debug|Any CPU
		{9FD5DA5B-373B-4415-ACD3-240055C3B5DB}.Release|Any CPU.ActiveCfg = Release|Any CPU
		{9FD5DA5B-373B-4415-ACD3-240055C3B5DB}.Release|Any CPU.Build.0 = Release|Any CPU
		{364B6544-495F-4D94-A9CF-CEB065850DFB}.Debug|Any CPU.ActiveCfg = Debug|Any CPU
		{364B6544-495F-4D94-A9CF-CEB065850DFB}.Debug|Any CPU.Build.0 = Debug|Any CPU
		{364B6544-495F-4D94-A9CF-CEB065850DFB}.Release|Any CPU.ActiveCfg = Release|Any CPU
		{364B6544-495F-4D94-A9CF-CEB065850DFB}.Release|Any CPU.Build.0 = Release|Any CPU
		{BA086CB7-306C-4E77-A2C4-5E82B8E71808}.Debug|Any CPU.ActiveCfg = Debug|Any CPU
		{BA086CB7-306C-4E77-A2C4-5E82B8E71808}.Debug|Any CPU.Build.0 = Debug|Any CPU
		{BA086CB7-306C-4E77-A2C4-5E82B8E71808}.Release|Any CPU.ActiveCfg = Release|Any CPU
		{BA086CB7-306C-4E77-A2C4-5E82B8E71808}.Release|Any CPU.Build.0 = Release|Any CPU
		{2D7152C4-C813-45CD-AF5A-26772DEFB082}.Debug|Any CPU.ActiveCfg = Debug|Any CPU
		{2D7152C4-C813-45CD-AF5A-26772DEFB082}.Debug|Any CPU.Build.0 = Debug|Any CPU
		{2D7152C4-C813-45CD-AF5A-26772DEFB082}.Release|Any CPU.ActiveCfg = Release|Any CPU
		{2D7152C4-C813-45CD-AF5A-26772DEFB082}.Release|Any CPU.Build.0 = Release|Any CPU
		{CADC7DBB-3D37-428C-A3EB-6C172BBC4D51}.Debug|Any CPU.ActiveCfg = Debug|Any CPU
		{CADC7DBB-3D37-428C-A3EB-6C172BBC4D51}.Debug|Any CPU.Build.0 = Debug|Any CPU
		{CADC7DBB-3D37-428C-A3EB-6C172BBC4D51}.Release|Any CPU.ActiveCfg = Release|Any CPU
		{CADC7DBB-3D37-428C-A3EB-6C172BBC4D51}.Release|Any CPU.Build.0 = Release|Any CPU
		{031B4950-BC03-458E-A522-B85B0AD88815}.Debug|Any CPU.ActiveCfg = Debug|Any CPU
		{031B4950-BC03-458E-A522-B85B0AD88815}.Debug|Any CPU.Build.0 = Debug|Any CPU
		{031B4950-BC03-458E-A522-B85B0AD88815}.Release|Any CPU.ActiveCfg = Release|Any CPU
		{031B4950-BC03-458E-A522-B85B0AD88815}.Release|Any CPU.Build.0 = Release|Any CPU
		{B2FEE9C3-CD8A-408A-9EA7-B8B2B6291E55}.Debug|Any CPU.ActiveCfg = Debug|Any CPU
		{B2FEE9C3-CD8A-408A-9EA7-B8B2B6291E55}.Debug|Any CPU.Build.0 = Debug|Any CPU
		{B2FEE9C3-CD8A-408A-9EA7-B8B2B6291E55}.Release|Any CPU.ActiveCfg = Release|Any CPU
		{B2FEE9C3-CD8A-408A-9EA7-B8B2B6291E55}.Release|Any CPU.Build.0 = Release|Any CPU
		{9CE58F3E-C9C7-4E56-A09A-FE7B5933459B}.Debug|Any CPU.ActiveCfg = Debug|Any CPU
		{9CE58F3E-C9C7-4E56-A09A-FE7B5933459B}.Debug|Any CPU.Build.0 = Debug|Any CPU
		{9CE58F3E-C9C7-4E56-A09A-FE7B5933459B}.Release|Any CPU.ActiveCfg = Release|Any CPU
		{9CE58F3E-C9C7-4E56-A09A-FE7B5933459B}.Release|Any CPU.Build.0 = Release|Any CPU
		{C51F91A0-1B8B-47ED-ADFE-981A716EF0D6}.Debug|Any CPU.ActiveCfg = Debug|Any CPU
		{C51F91A0-1B8B-47ED-ADFE-981A716EF0D6}.Debug|Any CPU.Build.0 = Debug|Any CPU
		{C51F91A0-1B8B-47ED-ADFE-981A716EF0D6}.Release|Any CPU.ActiveCfg = Release|Any CPU
		{C51F91A0-1B8B-47ED-ADFE-981A716EF0D6}.Release|Any CPU.Build.0 = Release|Any CPU
		{2B2D527F-22B5-4C43-95C9-A2404189079D}.Debug|Any CPU.ActiveCfg = Debug|Any CPU
		{2B2D527F-22B5-4C43-95C9-A2404189079D}.Debug|Any CPU.Build.0 = Debug|Any CPU
		{2B2D527F-22B5-4C43-95C9-A2404189079D}.Release|Any CPU.ActiveCfg = Release|Any CPU
		{2B2D527F-22B5-4C43-95C9-A2404189079D}.Release|Any CPU.Build.0 = Release|Any CPU
		{37A32756-E905-4D4C-BBDA-627445586B68}.Debug|Any CPU.ActiveCfg = Debug|Any CPU
		{37A32756-E905-4D4C-BBDA-627445586B68}.Debug|Any CPU.Build.0 = Debug|Any CPU
		{37A32756-E905-4D4C-BBDA-627445586B68}.Release|Any CPU.ActiveCfg = Release|Any CPU
		{37A32756-E905-4D4C-BBDA-627445586B68}.Release|Any CPU.Build.0 = Release|Any CPU
		{06EFAA18-0C18-4A0E-A512-1BCD99BC8C7F}.Debug|Any CPU.ActiveCfg = Debug|Any CPU
		{06EFAA18-0C18-4A0E-A512-1BCD99BC8C7F}.Debug|Any CPU.Build.0 = Debug|Any CPU
		{06EFAA18-0C18-4A0E-A512-1BCD99BC8C7F}.Release|Any CPU.ActiveCfg = Release|Any CPU
		{06EFAA18-0C18-4A0E-A512-1BCD99BC8C7F}.Release|Any CPU.Build.0 = Release|Any CPU
		{DD16559E-F2C0-4CFA-AB5D-9BFB8A2269C0}.Debug|Any CPU.ActiveCfg = Debug|Any CPU
		{DD16559E-F2C0-4CFA-AB5D-9BFB8A2269C0}.Debug|Any CPU.Build.0 = Debug|Any CPU
		{DD16559E-F2C0-4CFA-AB5D-9BFB8A2269C0}.Release|Any CPU.ActiveCfg = Release|Any CPU
		{DD16559E-F2C0-4CFA-AB5D-9BFB8A2269C0}.Release|Any CPU.Build.0 = Release|Any CPU
		{B5AF34F9-80D5-4544-9E27-B74548FA098E}.Debug|Any CPU.ActiveCfg = Debug|Any CPU
		{B5AF34F9-80D5-4544-9E27-B74548FA098E}.Debug|Any CPU.Build.0 = Debug|Any CPU
		{B5AF34F9-80D5-4544-9E27-B74548FA098E}.Release|Any CPU.ActiveCfg = Release|Any CPU
		{B5AF34F9-80D5-4544-9E27-B74548FA098E}.Release|Any CPU.Build.0 = Release|Any CPU
		{C8ACC2AC-2F76-48D2-B866-406905AD0C5E}.Debug|Any CPU.ActiveCfg = Debug|Any CPU
		{C8ACC2AC-2F76-48D2-B866-406905AD0C5E}.Debug|Any CPU.Build.0 = Debug|Any CPU
		{C8ACC2AC-2F76-48D2-B866-406905AD0C5E}.Release|Any CPU.ActiveCfg = Release|Any CPU
		{C8ACC2AC-2F76-48D2-B866-406905AD0C5E}.Release|Any CPU.Build.0 = Release|Any CPU
		{73035AE2-6C00-417F-ACCE-901775599525}.Debug|Any CPU.ActiveCfg = Debug|Any CPU
		{73035AE2-6C00-417F-ACCE-901775599525}.Debug|Any CPU.Build.0 = Debug|Any CPU
		{73035AE2-6C00-417F-ACCE-901775599525}.Release|Any CPU.ActiveCfg = Release|Any CPU
		{73035AE2-6C00-417F-ACCE-901775599525}.Release|Any CPU.Build.0 = Release|Any CPU
		{F70297B1-2E66-4AC8-8C62-330F0C80276F}.Debug|Any CPU.ActiveCfg = Debug|Any CPU
		{F70297B1-2E66-4AC8-8C62-330F0C80276F}.Debug|Any CPU.Build.0 = Debug|Any CPU
		{F70297B1-2E66-4AC8-8C62-330F0C80276F}.Release|Any CPU.ActiveCfg = Release|Any CPU
		{F70297B1-2E66-4AC8-8C62-330F0C80276F}.Release|Any CPU.Build.0 = Release|Any CPU
		{78F1DEB6-4CDF-43A8-9ED6-D3626C806841}.Debug|Any CPU.ActiveCfg = Debug|Any CPU
		{78F1DEB6-4CDF-43A8-9ED6-D3626C806841}.Debug|Any CPU.Build.0 = Debug|Any CPU
		{78F1DEB6-4CDF-43A8-9ED6-D3626C806841}.Release|Any CPU.ActiveCfg = Release|Any CPU
		{78F1DEB6-4CDF-43A8-9ED6-D3626C806841}.Release|Any CPU.Build.0 = Release|Any CPU
		{BAFAA7DD-3DA4-4446-B187-0A03FB650F0D}.Debug|Any CPU.ActiveCfg = Debug|Any CPU
		{BAFAA7DD-3DA4-4446-B187-0A03FB650F0D}.Debug|Any CPU.Build.0 = Debug|Any CPU
		{BAFAA7DD-3DA4-4446-B187-0A03FB650F0D}.Release|Any CPU.ActiveCfg = Release|Any CPU
		{BAFAA7DD-3DA4-4446-B187-0A03FB650F0D}.Release|Any CPU.Build.0 = Release|Any CPU
	EndGlobalSection
	GlobalSection(SolutionProperties) = preSolution
		HideSolutionNode = FALSE
	EndGlobalSection
	GlobalSection(NestedProjects) = preSolution
		{F850FD91-C460-4B0B-B662-4113C5A6C6A7} = {1A7ABD00-BDB2-44A7-BEAF-DAFDE29E9A9B}
		{9FD5DA5B-373B-4415-ACD3-240055C3B5DB} = {1A7ABD00-BDB2-44A7-BEAF-DAFDE29E9A9B}
		{A8A032A6-4668-47BD-A525-9AF579604EA8} = {1A7ABD00-BDB2-44A7-BEAF-DAFDE29E9A9B}
		{364B6544-495F-4D94-A9CF-CEB065850DFB} = {A8A032A6-4668-47BD-A525-9AF579604EA8}
		{BA086CB7-306C-4E77-A2C4-5E82B8E71808} = {A8A032A6-4668-47BD-A525-9AF579604EA8}
		{2D7152C4-C813-45CD-AF5A-26772DEFB082} = {A8A032A6-4668-47BD-A525-9AF579604EA8}
		{757831CB-A201-4014-9AFA-BE32F42ED316} = {CCEE5138-BF63-45BA-BAD9-0D0F51BB1ABF}
		{6D72405A-AF7F-48BE-82C8-1B7C1BAE47E3} = {CCEE5138-BF63-45BA-BAD9-0D0F51BB1ABF}
		{CADC7DBB-3D37-428C-A3EB-6C172BBC4D51} = {67AF028B-96B3-4243-A8F6-D2AAAE004F56}
		{031B4950-BC03-458E-A522-B85B0AD88815} = {67AF028B-96B3-4243-A8F6-D2AAAE004F56}
		{B2FEE9C3-CD8A-408A-9EA7-B8B2B6291E55} = {6D72405A-AF7F-48BE-82C8-1B7C1BAE47E3}
		{9CE58F3E-C9C7-4E56-A09A-FE7B5933459B} = {6D72405A-AF7F-48BE-82C8-1B7C1BAE47E3}
		{C51F91A0-1B8B-47ED-ADFE-981A716EF0D6} = {6D72405A-AF7F-48BE-82C8-1B7C1BAE47E3}
		{2B2D527F-22B5-4C43-95C9-A2404189079D} = {757831CB-A201-4014-9AFA-BE32F42ED316}
		{37A32756-E905-4D4C-BBDA-627445586B68} = {757831CB-A201-4014-9AFA-BE32F42ED316}
		{97B65839-E7D4-4827-9593-5823B246C5C1} = {2344B509-3FDA-4EDB-B2B2-3E91856CBC5D}
		{8FD00C15-9842-4177-81BD-D74985FBE7BF} = {2344B509-3FDA-4EDB-B2B2-3E91856CBC5D}
		{06EFAA18-0C18-4A0E-A512-1BCD99BC8C7F} = {97B65839-E7D4-4827-9593-5823B246C5C1}
		{DD16559E-F2C0-4CFA-AB5D-9BFB8A2269C0} = {8FD00C15-9842-4177-81BD-D74985FBE7BF}
		{B5AF34F9-80D5-4544-9E27-B74548FA098E} = {97B65839-E7D4-4827-9593-5823B246C5C1}
		{C8ACC2AC-2F76-48D2-B866-406905AD0C5E} = {8FD00C15-9842-4177-81BD-D74985FBE7BF}
		{73035AE2-6C00-417F-ACCE-901775599525} = {8FD00C15-9842-4177-81BD-D74985FBE7BF}
		{5AE43744-D553-445E-B8F1-1511EA01164A} = {95361A1B-AC75-4E4D-ACB4-B06FC43C4F64}
		{607DCDAD-DD51-4DFC-A889-7799EC97A103} = {95361A1B-AC75-4E4D-ACB4-B06FC43C4F64}
		{F70297B1-2E66-4AC8-8C62-330F0C80276F} = {5AE43744-D553-445E-B8F1-1511EA01164A}
		{78F1DEB6-4CDF-43A8-9ED6-D3626C806841} = {607DCDAD-DD51-4DFC-A889-7799EC97A103}
		{40545051-F68E-438C-9A8B-403ABE6C6EA2} = {CCEE5138-BF63-45BA-BAD9-0D0F51BB1ABF}
		{BAFAA7DD-3DA4-4446-B187-0A03FB650F0D} = {40545051-F68E-438C-9A8B-403ABE6C6EA2}
	EndGlobalSection
	GlobalSection(ExtensibilityGlobals) = postSolution
		SolutionGuid = {B8946416-89C0-4EC2-8191-FFDAB992E558}
	EndGlobalSection
EndGlobal
